// !$*UTF8*$!
{
	archiveVersion = 1;
	classes = {
	};
	objectVersion = 46;
	objects = {

/* Begin PBXBuildFile section */
		9912CEFC1E92B1DA00F43AA4 /* AppDelegate.swift in Sources */ = {isa = PBXBuildFile; fileRef = 9912CEFB1E92B1DA00F43AA4 /* AppDelegate.swift */; };
		9912CF011E92B1DA00F43AA4 /* Main.storyboard in Resources */ = {isa = PBXBuildFile; fileRef = 9912CEFF1E92B1DA00F43AA4 /* Main.storyboard */; };
		9912CF031E92B1DA00F43AA4 /* Assets.xcassets in Resources */ = {isa = PBXBuildFile; fileRef = 9912CF021E92B1DA00F43AA4 /* Assets.xcassets */; };
		9912CF061E92B1DA00F43AA4 /* LaunchScreen.storyboard in Resources */ = {isa = PBXBuildFile; fileRef = 9912CF041E92B1DA00F43AA4 /* LaunchScreen.storyboard */; };
		9912CF0F1E92C91500F43AA4 /* GitHub.swift in Sources */ = {isa = PBXBuildFile; fileRef = 9912CF0E1E92C91500F43AA4 /* GitHub.swift */; };
		9912CF111E92CE6D00F43AA4 /* GitHubAuthController.swift in Sources */ = {isa = PBXBuildFile; fileRef = 9912CF101E92CE6D00F43AA4 /* GitHubAuthController.swift */; };
		9912CF131E92EC1D00F43AA4 /* FoundationExtensions.swift in Sources */ = {isa = PBXBuildFile; fileRef = 9912CF121E92EC1D00F43AA4 /* FoundationExtensions.swift */; };
		9912CF151E93013B00F43AA4 /* gitAccessQuit.swift in Sources */ = {isa = PBXBuildFile; fileRef = 9912CF141E93013B00F43AA4 /* gitAccessQuit.swift */; };
/* End PBXBuildFile section */

/* Begin PBXFileReference section */
		9912CEF81E92B1DA00F43AA4 /* goGoGithub.app */ = {isa = PBXFileReference; explicitFileType = wrapper.application; includeInIndex = 0; path = goGoGithub.app; sourceTree = BUILT_PRODUCTS_DIR; };
		9912CEFB1E92B1DA00F43AA4 /* AppDelegate.swift */ = {isa = PBXFileReference; lastKnownFileType = sourcecode.swift; path = AppDelegate.swift; sourceTree = "<group>"; };
		9912CF001E92B1DA00F43AA4 /* Base */ = {isa = PBXFileReference; lastKnownFileType = file.storyboard; name = Base; path = Base.lproj/Main.storyboard; sourceTree = "<group>"; };
		9912CF021E92B1DA00F43AA4 /* Assets.xcassets */ = {isa = PBXFileReference; lastKnownFileType = folder.assetcatalog; path = Assets.xcassets; sourceTree = "<group>"; };
		9912CF051E92B1DA00F43AA4 /* Base */ = {isa = PBXFileReference; lastKnownFileType = file.storyboard; name = Base; path = Base.lproj/LaunchScreen.storyboard; sourceTree = "<group>"; };
		9912CF071E92B1DA00F43AA4 /* Info.plist */ = {isa = PBXFileReference; lastKnownFileType = text.plist.xml; path = Info.plist; sourceTree = "<group>"; };
		9912CF0E1E92C91500F43AA4 /* GitHub.swift */ = {isa = PBXFileReference; fileEncoding = 4; lastKnownFileType = sourcecode.swift; path = GitHub.swift; sourceTree = "<group>"; };
		9912CF101E92CE6D00F43AA4 /* GitHubAuthController.swift */ = {isa = PBXFileReference; fileEncoding = 4; lastKnownFileType = sourcecode.swift; name = GitHubAuthController.swift; path = ../GitHubAuthController.swift; sourceTree = "<group>"; };
		9912CF121E92EC1D00F43AA4 /* FoundationExtensions.swift */ = {isa = PBXFileReference; fileEncoding = 4; lastKnownFileType = sourcecode.swift; path = FoundationExtensions.swift; sourceTree = "<group>"; };
		9912CF141E93013B00F43AA4 /* gitAccessQuit.swift */ = {isa = PBXFileReference; fileEncoding = 4; lastKnownFileType = sourcecode.swift; name = gitAccessQuit.swift; path = ../gitAccessQuit.swift; sourceTree = "<group>"; };
/* End PBXFileReference section */

/* Begin PBXFrameworksBuildPhase section */
		9912CEF51E92B1DA00F43AA4 /* Frameworks */ = {
			isa = PBXFrameworksBuildPhase;
			buildActionMask = 2147483647;
			files = (
			);
			runOnlyForDeploymentPostprocessing = 0;
		};
/* End PBXFrameworksBuildPhase section */

/* Begin PBXGroup section */
		9912CEEF1E92B1DA00F43AA4 = {
			isa = PBXGroup;
			children = (
				9912CF0D1E92B56900F43AA4 /* Support */,
				9912CEFA1E92B1DA00F43AA4 /* goGoGithub */,
				9912CEF91E92B1DA00F43AA4 /* Products */,
			);
			sourceTree = "<group>";
		};
		9912CEF91E92B1DA00F43AA4 /* Products */ = {
			isa = PBXGroup;
			children = (
				9912CEF81E92B1DA00F43AA4 /* goGoGithub.app */,
			);
			name = Products;
			sourceTree = "<group>";
		};
		9912CEFA1E92B1DA00F43AA4 /* goGoGithub */ = {
			isa = PBXGroup;
			children = (
				9912CF141E93013B00F43AA4 /* gitAccessQuit.swift */,
				9912CF101E92CE6D00F43AA4 /* GitHubAuthController.swift */,
				9912CF121E92EC1D00F43AA4 /* FoundationExtensions.swift */,
				9912CF0E1E92C91500F43AA4 /* GitHub.swift */,
				9912CEFB1E92B1DA00F43AA4 /* AppDelegate.swift */,
				9912CEFF1E92B1DA00F43AA4 /* Main.storyboard */,
				9912CF021E92B1DA00F43AA4 /* Assets.xcassets */,
				9912CF041E92B1DA00F43AA4 /* LaunchScreen.storyboard */,
				9912CF071E92B1DA00F43AA4 /* Info.plist */,
			);
			path = goGoGithub;
			sourceTree = "<group>";
		};
		9912CF0D1E92B56900F43AA4 /* Support */ = {
			isa = PBXGroup;
			children = (
			);
			name = Support;
			path = goGoGithub;
			sourceTree = "<group>";
		};
/* End PBXGroup section */

/* Begin PBXNativeTarget section */
		9912CEF71E92B1DA00F43AA4 /* goGoGithub */ = {
			isa = PBXNativeTarget;
			buildConfigurationList = 9912CF0A1E92B1DA00F43AA4 /* Build configuration list for PBXNativeTarget "goGoGithub" */;
			buildPhases = (
				9912CEF41E92B1DA00F43AA4 /* Sources */,
				9912CEF51E92B1DA00F43AA4 /* Frameworks */,
				9912CEF61E92B1DA00F43AA4 /* Resources */,
			);
			buildRules = (
			);
			dependencies = (
			);
			name = goGoGithub;
			productName = goGoGithub;
			productReference = 9912CEF81E92B1DA00F43AA4 /* goGoGithub.app */;
			productType = "com.apple.product-type.application";
		};
/* End PBXNativeTarget section */

/* Begin PBXProject section */
		9912CEF01E92B1DA00F43AA4 /* Project object */ = {
			isa = PBXProject;
			attributes = {
				LastSwiftUpdateCheck = 0820;
				LastUpgradeCheck = 0820;
				ORGANIZATIONNAME = "Regenal Grant";
				TargetAttributes = {
					9912CEF71E92B1DA00F43AA4 = {
						CreatedOnToolsVersion = 8.2.1;
						DevelopmentTeam = AVQ9E7DJWL;
						ProvisioningStyle = Automatic;
					};
				};
			};
			buildConfigurationList = 9912CEF31E92B1DA00F43AA4 /* Build configuration list for PBXProject "goGoGithub" */;
			compatibilityVersion = "Xcode 3.2";
			developmentRegion = English;
			hasScannedForEncodings = 0;
			knownRegions = (
				en,
				Base,
			);
			mainGroup = 9912CEEF1E92B1DA00F43AA4;
			productRefGroup = 9912CEF91E92B1DA00F43AA4 /* Products */;
			projectDirPath = "";
			projectRoot = "";
			targets = (
				9912CEF71E92B1DA00F43AA4 /* goGoGithub */,
			);
		};
/* End PBXProject section */

/* Begin PBXResourcesBuildPhase section */
		9912CEF61E92B1DA00F43AA4 /* Resources */ = {
			isa = PBXResourcesBuildPhase;
			buildActionMask = 2147483647;
			files = (
				9912CF061E92B1DA00F43AA4 /* LaunchScreen.storyboard in Resources */,
				9912CF031E92B1DA00F43AA4 /* Assets.xcassets in Resources */,
				9912CF011E92B1DA00F43AA4 /* Main.storyboard in Resources */,
			);
			runOnlyForDeploymentPostprocessing = 0;
		};
/* End PBXResourcesBuildPhase section */

/* Begin PBXSourcesBuildPhase section */
		9912CEF41E92B1DA00F43AA4 /* Sources */ = {
			isa = PBXSourcesBuildPhase;
			buildActionMask = 2147483647;
			files = (
				9912CF131E92EC1D00F43AA4 /* FoundationExtensions.swift in Sources */,
				9912CF151E93013B00F43AA4 /* gitAccessQuit.swift in Sources */,
				9912CF0F1E92C91500F43AA4 /* GitHub.swift in Sources */,
				9912CF111E92CE6D00F43AA4 /* GitHubAuthController.swift in Sources */,
				9912CEFC1E92B1DA00F43AA4 /* AppDelegate.swift in Sources */,
			);
			runOnlyForDeploymentPostprocessing = 0;
		};
/* End PBXSourcesBuildPhase section */

/* Begin PBXVariantGroup section */
		9912CEFF1E92B1DA00F43AA4 /* Main.storyboard */ = {
			isa = PBXVariantGroup;
			children = (
				9912CF001E92B1DA00F43AA4 /* Base */,
			);
			name = Main.storyboard;
			sourceTree = "<group>";
		};
		9912CF041E92B1DA00F43AA4 /* LaunchScreen.storyboard */ = {
			isa = PBXVariantGroup;
			children = (
				9912CF051E92B1DA00F43AA4 /* Base */,
			);
			name = LaunchScreen.storyboard;
			sourceTree = "<group>";
		};
/* End PBXVariantGroup section */

/* Begin XCBuildConfiguration section */
		9912CF081E92B1DA00F43AA4 /* Debug */ = {
			isa = XCBuildConfiguration;
			buildSettings = {
				ALWAYS_SEARCH_USER_PATHS = NO;
				CLANG_ANALYZER_NONNULL = YES;
				CLANG_CXX_LANGUAGE_STANDARD = "gnu++0x";
				CLANG_CXX_LIBRARY = "libc++";
				CLANG_ENABLE_MODULES = YES;
				CLANG_ENABLE_OBJC_ARC = YES;
				CLANG_WARN_BOOL_CONVERSION = YES;
				CLANG_WARN_CONSTANT_CONVERSION = YES;
				CLANG_WARN_DIRECT_OBJC_ISA_USAGE = YES_ERROR;
				CLANG_WARN_DOCUMENTATION_COMMENTS = YES;
				CLANG_WARN_EMPTY_BODY = YES;
				CLANG_WARN_ENUM_CONVERSION = YES;
				CLANG_WARN_INFINITE_RECURSION = YES;
				CLANG_WARN_INT_CONVERSION = YES;
				CLANG_WARN_OBJC_ROOT_CLASS = YES_ERROR;
				CLANG_WARN_SUSPICIOUS_MOVE = YES;
				CLANG_WARN_UNREACHABLE_CODE = YES;
				CLANG_WARN__DUPLICATE_METHOD_MATCH = YES;
				"CODE_SIGN_IDENTITY[sdk=iphoneos*]" = "iPhone Developer";
				COPY_PHASE_STRIP = NO;
				DEBUG_INFORMATION_FORMAT = dwarf;
				ENABLE_STRICT_OBJC_MSGSEND = YES;
				ENABLE_TESTABILITY = YES;
				GCC_C_LANGUAGE_STANDARD = gnu99;
				GCC_DYNAMIC_NO_PIC = NO;
				GCC_NO_COMMON_BLOCKS = YES;
				GCC_OPTIMIZATION_LEVEL = 0;
				GCC_PREPROCESSOR_DEFINITIONS = (
					"DEBUG=1",
					"$(inherited)",
				);
				GCC_WARN_64_TO_32_BIT_CONVERSION = YES;
				GCC_WARN_ABOUT_RETURN_TYPE = YES_ERROR;
				GCC_WARN_UNDECLARED_SELECTOR = YES;
				GCC_WARN_UNINITIALIZED_AUTOS = YES_AGGRESSIVE;
				GCC_WARN_UNUSED_FUNCTION = YES;
				GCC_WARN_UNUSED_VARIABLE = YES;
				IPHONEOS_DEPLOYMENT_TARGET = 10.2;
				MTL_ENABLE_DEBUG_INFO = YES;
				ONLY_ACTIVE_ARCH = YES;
				SDKROOT = iphoneos;
				SWIFT_ACTIVE_COMPILATION_CONDITIONS = DEBUG;
				SWIFT_OPTIMIZATION_LEVEL = "-Onone";
				TARGETED_DEVICE_FAMILY = "1,2";
			};
			name = Debug;
		};
		9912CF091E92B1DA00F43AA4 /* Release */ = {
			isa = XCBuildConfiguration;
			buildSettings = {
				ALWAYS_SEARCH_USER_PATHS = NO;
				CLANG_ANALYZER_NONNULL = YES;
				CLANG_CXX_LANGUAGE_STANDARD = "gnu++0x";
				CLANG_CXX_LIBRARY = "libc++";
				CLANG_ENABLE_MODULES = YES;
				CLANG_ENABLE_OBJC_ARC = YES;
				CLANG_WARN_BOOL_CONVERSION = YES;
				CLANG_WARN_CONSTANT_CONVERSION = YES;
				CLANG_WARN_DIRECT_OBJC_ISA_USAGE = YES_ERROR;
				CLANG_WARN_DOCUMENTATION_COMMENTS = YES;
				CLANG_WARN_EMPTY_BODY = YES;
				CLANG_WARN_ENUM_CONVERSION = YES;
				CLANG_WARN_INFINITE_RECURSION = YES;
				CLANG_WARN_INT_CONVERSION = YES;
				CLANG_WARN_OBJC_ROOT_CLASS = YES_ERROR;
				CLANG_WARN_SUSPICIOUS_MOVE = YES;
				CLANG_WARN_UNREACHABLE_CODE = YES;
				CLANG_WARN__DUPLICATE_METHOD_MATCH = YES;
				"CODE_SIGN_IDENTITY[sdk=iphoneos*]" = "iPhone Developer";
				COPY_PHASE_STRIP = NO;
				DEBUG_INFORMATION_FORMAT = "dwarf-with-dsym";
				ENABLE_NS_ASSERTIONS = NO;
				ENABLE_STRICT_OBJC_MSGSEND = YES;
				GCC_C_LANGUAGE_STANDARD = gnu99;
				GCC_NO_COMMON_BLOCKS = YES;
				GCC_WARN_64_TO_32_BIT_CONVERSION = YES;
				GCC_WARN_ABOUT_RETURN_TYPE = YES_ERROR;
				GCC_WARN_UNDECLARED_SELECTOR = YES;
				GCC_WARN_UNINITIALIZED_AUTOS = YES_AGGRESSIVE;
				GCC_WARN_UNUSED_FUNCTION = YES;
				GCC_WARN_UNUSED_VARIABLE = YES;
				IPHONEOS_DEPLOYMENT_TARGET = 10.2;
				MTL_ENABLE_DEBUG_INFO = NO;
				SDKROOT = iphoneos;
				SWIFT_OPTIMIZATION_LEVEL = "-Owholemodule";
				TARGETED_DEVICE_FAMILY = "1,2";
				VALIDATE_PRODUCT = YES;
			};
			name = Release;
		};
		9912CF0B1E92B1DA00F43AA4 /* Debug */ = {
			isa = XCBuildConfiguration;
			buildSettings = {
				ASSETCATALOG_COMPILER_APPICON_NAME = AppIcon;
				DEVELOPMENT_TEAM = AVQ9E7DJWL;
				INFOPLIST_FILE = goGoGithub/Info.plist;
				LD_RUNPATH_SEARCH_PATHS = "$(inherited) @executable_path/Frameworks";
				PRODUCT_BUNDLE_IDENTIFIER = com.regenalgrant.goGoGithub;
				PRODUCT_NAME = "$(TARGET_NAME)";
				SWIFT_VERSION = 3.0;
			};
			name = Debug;
		};
		9912CF0C1E92B1DA00F43AA4 /* Release */ = {
			isa = XCBuildConfiguration;
			buildSettings = {
				ASSETCATALOG_COMPILER_APPICON_NAME = AppIcon;
				DEVELOPMENT_TEAM = AVQ9E7DJWL;
				INFOPLIST_FILE = goGoGithub/Info.plist;
				LD_RUNPATH_SEARCH_PATHS = "$(inherited) @executable_path/Frameworks";
				PRODUCT_BUNDLE_IDENTIFIER = com.regenalgrant.goGoGithub;
				PRODUCT_NAME = "$(TARGET_NAME)";
				SWIFT_VERSION = 3.0;
			};
			name = Release;
		};
/* End XCBuildConfiguration section */

/* Begin XCConfigurationList section */
		9912CEF31E92B1DA00F43AA4 /* Build configuration list for PBXProject "goGoGithub" */ = {
			isa = XCConfigurationList;
			buildConfigurations = (
				9912CF081E92B1DA00F43AA4 /* Debug */,
				9912CF091E92B1DA00F43AA4 /* Release */,
			);
			defaultConfigurationIsVisible = 0;
			defaultConfigurationName = Release;
		};
		9912CF0A1E92B1DA00F43AA4 /* Build configuration list for PBXNativeTarget "goGoGithub" */ = {
			isa = XCConfigurationList;
			buildConfigurations = (
				9912CF0B1E92B1DA00F43AA4 /* Debug */,
				9912CF0C1E92B1DA00F43AA4 /* Release */,
			);
			defaultConfigurationIsVisible = 0;
			defaultConfigurationName = Release;
		};
/* End XCConfigurationList section */
	};
	rootObject = 9912CEF01E92B1DA00F43AA4 /* Project object */;
}
